
Microsoft Visual Studio Solution File, Format Version 12.00
# Visual Studio 15
VisualStudioVersion = 15.0.27428.2043
MinimumVisualStudioVersion = 10.0.40219.1
Project("{FAE04EC0-301F-11D3-BF4B-00C04F79EFBC}") = "Quaver", "Quaver\Quaver.csproj", "{54050897-0E54-427B-8BE1-EFE75784B5FE}"
EndProject
Project("{9A19103F-16F7-4668-BE54-9A1E7A4F7556}") = "Quaver.API", "Quaver.API\Quaver.API\Quaver.API.csproj", "{80CC83DF-8CFF-47F1-A703-3FB8BC20B943}"
EndProject
Project("{9A19103F-16F7-4668-BE54-9A1E7A4F7556}") = "Quaver.Resources", "Quaver.Resources\Quaver.Resources\Quaver.Resources.csproj", "{29C0CA47-31B7-4048-9FCF-C078E695DBB6}"
EndProject
Project("{9A19103F-16F7-4668-BE54-9A1E7A4F7556}") = "Wobble", "Wobble\Wobble\Wobble.csproj", "{1C7E427C-6F18-4912-8994-16193CE2AF46}"
EndProject
Project("{FAE04EC0-301F-11D3-BF4B-00C04F79EFBC}") = "Quaver.Shaders", "Quaver.Shaders\Quaver.Shaders.csproj", "{063A0120-56DA-4A2C-91EA-26932CFBA171}"
EndProject
Global
	GlobalSection(SolutionConfigurationPlatforms) = preSolution
		Debug|Any CPU = Debug|Any CPU
		Release|Any CPU = Release|Any CPU
	EndGlobalSection
	GlobalSection(ProjectConfigurationPlatforms) = postSolution
		{54050897-0E54-427B-8BE1-EFE75784B5FE}.Debug|Any CPU.ActiveCfg = Debug|Any CPU
		{54050897-0E54-427B-8BE1-EFE75784B5FE}.Debug|Any CPU.Build.0 = Debug|Any CPU
		{54050897-0E54-427B-8BE1-EFE75784B5FE}.Release|Any CPU.ActiveCfg = Release|Any CPU
		{54050897-0E54-427B-8BE1-EFE75784B5FE}.Release|Any CPU.Build.0 = Release|Any CPU
		{80CC83DF-8CFF-47F1-A703-3FB8BC20B943}.Debug|Any CPU.ActiveCfg = Debug|Any CPU
		{80CC83DF-8CFF-47F1-A703-3FB8BC20B943}.Debug|Any CPU.Build.0 = Debug|Any CPU
		{80CC83DF-8CFF-47F1-A703-3FB8BC20B943}.Release|Any CPU.ActiveCfg = Release|Any CPU
		{80CC83DF-8CFF-47F1-A703-3FB8BC20B943}.Release|Any CPU.Build.0 = Release|Any CPU
		{29C0CA47-31B7-4048-9FCF-C078E695DBB6}.Debug|Any CPU.ActiveCfg = Debug|Any CPU
		{29C0CA47-31B7-4048-9FCF-C078E695DBB6}.Debug|Any CPU.Build.0 = Debug|Any CPU
		{29C0CA47-31B7-4048-9FCF-C078E695DBB6}.Release|Any CPU.ActiveCfg = Release|Any CPU
		{29C0CA47-31B7-4048-9FCF-C078E695DBB6}.Release|Any CPU.Build.0 = Release|Any CPU
		{1C7E427C-6F18-4912-8994-16193CE2AF46}.Debug|Any CPU.ActiveCfg = Debug|Any CPU
		{1C7E427C-6F18-4912-8994-16193CE2AF46}.Debug|Any CPU.Build.0 = Debug|Any CPU
		{1C7E427C-6F18-4912-8994-16193CE2AF46}.Release|Any CPU.ActiveCfg = Release|Any CPU
		{1C7E427C-6F18-4912-8994-16193CE2AF46}.Release|Any CPU.Build.0 = Release|Any CPU
		{063A0120-56DA-4A2C-91EA-26932CFBA171}.Debug|Any CPU.ActiveCfg = Debug|Any CPU
		{063A0120-56DA-4A2C-91EA-26932CFBA171}.Debug|Any CPU.Build.0 = Debug|Any CPU
		{063A0120-56DA-4A2C-91EA-26932CFBA171}.Release|Any CPU.ActiveCfg = Release|Any CPU
		{063A0120-56DA-4A2C-91EA-26932CFBA171}.Release|Any CPU.Build.0 = Release|Any CPU
	EndGlobalSection
	GlobalSection(SolutionProperties) = preSolution
		HideSolutionNode = FALSE
	EndGlobalSection
	GlobalSection(ExtensibilityGlobals) = postSolution
		SolutionGuid = {C5AAAF67-D9A5-4D04-8DB2-4446049C3599}
	EndGlobalSection
EndGlobal
