
Microsoft Visual Studio Solution File, Format Version 12.00
# Visual Studio 15
VisualStudioVersion = 15.0.27428.2043
MinimumVisualStudioVersion = 10.0.40219.1
Project("{9A19103F-16F7-4668-BE54-9A1E7A4F7556}") = "Quaver", "Quaver\Quaver.csproj", "{54050897-0E54-427B-8BE1-EFE75784B5FE}"
EndProject
Project("{9A19103F-16F7-4668-BE54-9A1E7A4F7556}") = "Quaver.API", "Quaver.API\Quaver.API\Quaver.API.csproj", "{80CC83DF-8CFF-47F1-A703-3FB8BC20B943}"
EndProject
Project("{9A19103F-16F7-4668-BE54-9A1E7A4F7556}") = "Quaver.Resources", "Quaver.Resources\Quaver.Resources\Quaver.Resources.csproj", "{29C0CA47-31B7-4048-9FCF-C078E695DBB6}"
EndProject
Project("{9A19103F-16F7-4668-BE54-9A1E7A4F7556}") = "Wobble", "Wobble\Wobble\Wobble.csproj", "{1C7E427C-6F18-4912-8994-16193CE2AF46}"
EndProject
Project("{9A19103F-16F7-4668-BE54-9A1E7A4F7556}") = "Quaver.Shaders", "Quaver.Shaders\Quaver.Shaders.csproj", "{063A0120-56DA-4A2C-91EA-26932CFBA171}"
EndProject
Project("{9A19103F-16F7-4668-BE54-9A1E7A4F7556}") = "MonoGame.Framework.DesktopGL.Core", "Wobble\MonoGame\MonoGame.Framework\MonoGame.Framework.DesktopGL.Core.csproj", "{BDCB1605-28B6-4773-AE12-DA4285821EDA}"
EndProject
Project("{9A19103F-16F7-4668-BE54-9A1E7A4F7556}") = "Quaver.Server.Common", "Quaver.Server.Common\Quaver.Server.Common\Quaver.Server.Common.csproj", "{80FF1569-9CF5-45AB-998F-BCBBD6621E89}"
EndProject
Project("{9A19103F-16F7-4668-BE54-9A1E7A4F7556}") = "Quaver.Server.Client", "Quaver.Server.Client\Quaver.Server.Client\Quaver.Server.Client.csproj", "{AD9BE804-0CC1-4480-BB91-95D2C6881D34}"
EndProject
Global
	GlobalSection(SolutionConfigurationPlatforms) = preSolution
		Debug|Any CPU = Debug|Any CPU
		Release|Any CPU = Release|Any CPU
		Test Server Release|Any CPU = Test Server Release|Any CPU
		Test Server|Any CPU = Test Server|Any CPU
	EndGlobalSection
	GlobalSection(ProjectConfigurationPlatforms) = postSolution
		{54050897-0E54-427B-8BE1-EFE75784B5FE}.Debug|Any CPU.ActiveCfg = Debug|Any CPU
		{54050897-0E54-427B-8BE1-EFE75784B5FE}.Debug|Any CPU.Build.0 = Debug|Any CPU
		{54050897-0E54-427B-8BE1-EFE75784B5FE}.Release|Any CPU.ActiveCfg = Release|Any CPU
		{54050897-0E54-427B-8BE1-EFE75784B5FE}.Release|Any CPU.Build.0 = Release|Any CPU
		{54050897-0E54-427B-8BE1-EFE75784B5FE}.Test Server Release|Any CPU.ActiveCfg = Release|Any CPU
		{54050897-0E54-427B-8BE1-EFE75784B5FE}.Test Server Release|Any CPU.Build.0 = Release|Any CPU
		{54050897-0E54-427B-8BE1-EFE75784B5FE}.Test Server|Any CPU.ActiveCfg = Debug|Any CPU
		{54050897-0E54-427B-8BE1-EFE75784B5FE}.Test Server|Any CPU.Build.0 = Debug|Any CPU
		{80CC83DF-8CFF-47F1-A703-3FB8BC20B943}.Debug|Any CPU.ActiveCfg = Debug|Any CPU
		{80CC83DF-8CFF-47F1-A703-3FB8BC20B943}.Debug|Any CPU.Build.0 = Debug|Any CPU
		{80CC83DF-8CFF-47F1-A703-3FB8BC20B943}.Release|Any CPU.ActiveCfg = Release|Any CPU
		{80CC83DF-8CFF-47F1-A703-3FB8BC20B943}.Release|Any CPU.Build.0 = Release|Any CPU
		{80CC83DF-8CFF-47F1-A703-3FB8BC20B943}.Test Server Release|Any CPU.ActiveCfg = Release|Any CPU
		{80CC83DF-8CFF-47F1-A703-3FB8BC20B943}.Test Server Release|Any CPU.Build.0 = Release|Any CPU
		{80CC83DF-8CFF-47F1-A703-3FB8BC20B943}.Test Server|Any CPU.ActiveCfg = Debug|Any CPU
		{80CC83DF-8CFF-47F1-A703-3FB8BC20B943}.Test Server|Any CPU.Build.0 = Debug|Any CPU
		{29C0CA47-31B7-4048-9FCF-C078E695DBB6}.Debug|Any CPU.ActiveCfg = Debug|Any CPU
		{29C0CA47-31B7-4048-9FCF-C078E695DBB6}.Debug|Any CPU.Build.0 = Debug|Any CPU
		{29C0CA47-31B7-4048-9FCF-C078E695DBB6}.Release|Any CPU.ActiveCfg = Release|Any CPU
		{29C0CA47-31B7-4048-9FCF-C078E695DBB6}.Release|Any CPU.Build.0 = Release|Any CPU
		{29C0CA47-31B7-4048-9FCF-C078E695DBB6}.Test Server Release|Any CPU.ActiveCfg = Release|Any CPU
		{29C0CA47-31B7-4048-9FCF-C078E695DBB6}.Test Server Release|Any CPU.Build.0 = Release|Any CPU
		{29C0CA47-31B7-4048-9FCF-C078E695DBB6}.Test Server|Any CPU.ActiveCfg = Debug|Any CPU
		{29C0CA47-31B7-4048-9FCF-C078E695DBB6}.Test Server|Any CPU.Build.0 = Debug|Any CPU
		{1C7E427C-6F18-4912-8994-16193CE2AF46}.Debug|Any CPU.ActiveCfg = Debug|Any CPU
		{1C7E427C-6F18-4912-8994-16193CE2AF46}.Debug|Any CPU.Build.0 = Debug|Any CPU
		{1C7E427C-6F18-4912-8994-16193CE2AF46}.Release|Any CPU.ActiveCfg = Release|Any CPU
		{1C7E427C-6F18-4912-8994-16193CE2AF46}.Release|Any CPU.Build.0 = Release|Any CPU
		{1C7E427C-6F18-4912-8994-16193CE2AF46}.Test Server Release|Any CPU.ActiveCfg = Release|Any CPU
		{1C7E427C-6F18-4912-8994-16193CE2AF46}.Test Server Release|Any CPU.Build.0 = Release|Any CPU
		{1C7E427C-6F18-4912-8994-16193CE2AF46}.Test Server|Any CPU.ActiveCfg = Debug|Any CPU
		{1C7E427C-6F18-4912-8994-16193CE2AF46}.Test Server|Any CPU.Build.0 = Debug|Any CPU
		{063A0120-56DA-4A2C-91EA-26932CFBA171}.Debug|Any CPU.ActiveCfg = Debug|Any CPU
		{063A0120-56DA-4A2C-91EA-26932CFBA171}.Debug|Any CPU.Build.0 = Debug|Any CPU
		{063A0120-56DA-4A2C-91EA-26932CFBA171}.Release|Any CPU.ActiveCfg = Release|Any CPU
		{063A0120-56DA-4A2C-91EA-26932CFBA171}.Release|Any CPU.Build.0 = Release|Any CPU
		{063A0120-56DA-4A2C-91EA-26932CFBA171}.Test Server Release|Any CPU.ActiveCfg = Release|Any CPU
		{063A0120-56DA-4A2C-91EA-26932CFBA171}.Test Server Release|Any CPU.Build.0 = Release|Any CPU
		{063A0120-56DA-4A2C-91EA-26932CFBA171}.Test Server|Any CPU.ActiveCfg = Debug|Any CPU
		{063A0120-56DA-4A2C-91EA-26932CFBA171}.Test Server|Any CPU.Build.0 = Debug|Any CPU
		{BDCB1605-28B6-4773-AE12-DA4285821EDA}.Debug|Any CPU.ActiveCfg = Debug|Any CPU
		{BDCB1605-28B6-4773-AE12-DA4285821EDA}.Debug|Any CPU.Build.0 = Debug|Any CPU
		{BDCB1605-28B6-4773-AE12-DA4285821EDA}.Release|Any CPU.ActiveCfg = Release|Any CPU
		{BDCB1605-28B6-4773-AE12-DA4285821EDA}.Release|Any CPU.Build.0 = Release|Any CPU
		{BDCB1605-28B6-4773-AE12-DA4285821EDA}.Test Server Release|Any CPU.ActiveCfg = Release|Any CPU
		{BDCB1605-28B6-4773-AE12-DA4285821EDA}.Test Server Release|Any CPU.Build.0 = Release|Any CPU
		{BDCB1605-28B6-4773-AE12-DA4285821EDA}.Test Server|Any CPU.ActiveCfg = Debug|Any CPU
		{BDCB1605-28B6-4773-AE12-DA4285821EDA}.Test Server|Any CPU.Build.0 = Debug|Any CPU
		{80FF1569-9CF5-45AB-998F-BCBBD6621E89}.Debug|Any CPU.ActiveCfg = Debug|Any CPU
		{80FF1569-9CF5-45AB-998F-BCBBD6621E89}.Debug|Any CPU.Build.0 = Debug|Any CPU
		{80FF1569-9CF5-45AB-998F-BCBBD6621E89}.Release|Any CPU.ActiveCfg = Release|Any CPU
		{80FF1569-9CF5-45AB-998F-BCBBD6621E89}.Release|Any CPU.Build.0 = Release|Any CPU
		{80FF1569-9CF5-45AB-998F-BCBBD6621E89}.Test Server Release|Any CPU.ActiveCfg = Release|Any CPU
		{80FF1569-9CF5-45AB-998F-BCBBD6621E89}.Test Server Release|Any CPU.Build.0 = Release|Any CPU
		{80FF1569-9CF5-45AB-998F-BCBBD6621E89}.Test Server|Any CPU.ActiveCfg = Debug|Any CPU
		{80FF1569-9CF5-45AB-998F-BCBBD6621E89}.Test Server|Any CPU.Build.0 = Debug|Any CPU
		{AD9BE804-0CC1-4480-BB91-95D2C6881D34}.Debug|Any CPU.ActiveCfg = Debug|Any CPU
		{AD9BE804-0CC1-4480-BB91-95D2C6881D34}.Debug|Any CPU.Build.0 = Debug|Any CPU
		{AD9BE804-0CC1-4480-BB91-95D2C6881D34}.Release|Any CPU.ActiveCfg = Release|Any CPU
		{AD9BE804-0CC1-4480-BB91-95D2C6881D34}.Release|Any CPU.Build.0 = Release|Any CPU
		{AD9BE804-0CC1-4480-BB91-95D2C6881D34}.Test Server Release|Any CPU.ActiveCfg = Release|Any CPU
		{AD9BE804-0CC1-4480-BB91-95D2C6881D34}.Test Server Release|Any CPU.Build.0 = Release|Any CPU
		{AD9BE804-0CC1-4480-BB91-95D2C6881D34}.Test Server|Any CPU.ActiveCfg = Test Server|Any CPU
		{AD9BE804-0CC1-4480-BB91-95D2C6881D34}.Test Server|Any CPU.Build.0 = Test Server|Any CPU
	EndGlobalSection
	GlobalSection(SolutionProperties) = preSolution
		HideSolutionNode = FALSE
	EndGlobalSection
	GlobalSection(ExtensibilityGlobals) = postSolution
		SolutionGuid = {C5AAAF67-D9A5-4D04-8DB2-4446049C3599}
	EndGlobalSection
EndGlobal
